
Microsoft Visual Studio Solution File, Format Version 12.00
Project("{FAE04EC0-301F-11D3-BF4B-00C04F79EFBC}") = "WebApplication", "WebApplication\WebApplication.csproj", "{A5394003-0348-44CE-B2E8-EE5C3D809DFC}"
EndProject
Global
	GlobalSection(SolutionConfigurationPlatforms) = preSolution
		Debug|Any CPU = Debug|Any CPU
		Release|Any CPU = Release|Any CPU
	EndGlobalSection
	GlobalSection(ProjectConfigurationPlatforms) = postSolution
		{A5394003-0348-44CE-B2E8-EE5C3D809DFC}.Debug|Any CPU.ActiveCfg = Debug|Any CPU
		{A5394003-0348-44CE-B2E8-EE5C3D809DFC}.Debug|Any CPU.Build.0 = Debug|Any CPU
		{A5394003-0348-44CE-B2E8-EE5C3D809DFC}.Release|Any CPU.ActiveCfg = Release|Any CPU
		{A5394003-0348-44CE-B2E8-EE5C3D809DFC}.Release|Any CPU.Build.0 = Release|Any CPU
	EndGlobalSection
EndGlobal
